
Microsoft Visual Studio Solution File, Format Version 12.00
# Visual Studio 15
Project("{FAE04EC0-301F-11D3-BF4B-00C04F79EFBC}") = "SearchTwitterMVC", "SearchTwitterMVC.csproj", "{52AD933B-6555-4EC2-8C62-D268CB77EB65}"
EndProject
Global
	GlobalSection(SolutionConfigurationPlatforms) = preSolution
		Debug|Any CPU = Debug|Any CPU
		Release|Any CPU = Release|Any CPU
	EndGlobalSection
	GlobalSection(ProjectConfigurationPlatforms) = postSolution
		{52AD933B-6555-4EC2-8C62-D268CB77EB65}.Debug|Any CPU.ActiveCfg = Debug|Any CPU
		{52AD933B-6555-4EC2-8C62-D268CB77EB65}.Debug|Any CPU.Build.0 = Debug|Any CPU
		{52AD933B-6555-4EC2-8C62-D268CB77EB65}.Release|Any CPU.ActiveCfg = Release|Any CPU
		{52AD933B-6555-4EC2-8C62-D268CB77EB65}.Release|Any CPU.Build.0 = Release|Any CPU
	EndGlobalSection
EndGlobal
